// !$*UTF8*$!
{
	archiveVersion = 1;
	classes = {
	};
	objectVersion = 55;
	objects = {

/* Begin PBXBuildFile section */
		933CE3B2283BB67700ADBE50 /* EditGameSheet.swift in Sources */ = {isa = PBXBuildFile; fileRef = 933CE3B1283BB67700ADBE50 /* EditGameSheet.swift */; };
		933CE3B3283BB67700ADBE50 /* EditGameSheet.swift in Sources */ = {isa = PBXBuildFile; fileRef = 933CE3B1283BB67700ADBE50 /* EditGameSheet.swift */; };
		933CE3CD283BC06F00ADBE50 /* EditGameModel.swift in Sources */ = {isa = PBXBuildFile; fileRef = 933CE3CC283BC06F00ADBE50 /* EditGameModel.swift */; };
		933CE3CE283BC06F00ADBE50 /* EditGameModel.swift in Sources */ = {isa = PBXBuildFile; fileRef = 933CE3CC283BC06F00ADBE50 /* EditGameModel.swift */; };
		933CE3D0283BC24F00ADBE50 /* MacEditGameForm.swift in Sources */ = {isa = PBXBuildFile; fileRef = 933CE3CF283BC24F00ADBE50 /* MacEditGameForm.swift */; };
		933CE3D2283BC31400ADBE50 /* iOSEditGameForm.swift in Sources */ = {isa = PBXBuildFile; fileRef = 933CE3D1283BC31400ADBE50 /* iOSEditGameForm.swift */; };
		933CE3D9283BC99B00ADBE50 /* Constants.swift in Sources */ = {isa = PBXBuildFile; fileRef = 933CE3D8283BC99B00ADBE50 /* Constants.swift */; };
		933CE3DA283BC99B00ADBE50 /* Constants.swift in Sources */ = {isa = PBXBuildFile; fileRef = 933CE3D8283BC99B00ADBE50 /* Constants.swift */; };
		93486564283BF6F7005497A1 /* GameView.swift in Sources */ = {isa = PBXBuildFile; fileRef = 93486563283BF6F7005497A1 /* GameView.swift */; };
		93486565283BF6F7005497A1 /* GameView.swift in Sources */ = {isa = PBXBuildFile; fileRef = 93486563283BF6F7005497A1 /* GameView.swift */; };
		9348656C283BF774005497A1 /* DashboardView.swift in Sources */ = {isa = PBXBuildFile; fileRef = 9348656B283BF774005497A1 /* DashboardView.swift */; };
		9348656D283BF774005497A1 /* DashboardView.swift in Sources */ = {isa = PBXBuildFile; fileRef = 9348656B283BF774005497A1 /* DashboardView.swift */; };
		9348656F283BF7E9005497A1 /* CharactersView.swift in Sources */ = {isa = PBXBuildFile; fileRef = 9348656E283BF7E9005497A1 /* CharactersView.swift */; };
		93486570283BF7E9005497A1 /* CharactersView.swift in Sources */ = {isa = PBXBuildFile; fileRef = 9348656E283BF7E9005497A1 /* CharactersView.swift */; };
		93486572283BF872005497A1 /* GearView.swift in Sources */ = {isa = PBXBuildFile; fileRef = 93486571283BF872005497A1 /* GearView.swift */; };
		93486573283BF872005497A1 /* GearView.swift in Sources */ = {isa = PBXBuildFile; fileRef = 93486571283BF872005497A1 /* GearView.swift */; };
		93486575283BF882005497A1 /* AccountingView.swift in Sources */ = {isa = PBXBuildFile; fileRef = 93486574283BF882005497A1 /* AccountingView.swift */; };
		93486576283BF882005497A1 /* AccountingView.swift in Sources */ = {isa = PBXBuildFile; fileRef = 93486574283BF882005497A1 /* AccountingView.swift */; };
		93486578283BF894005497A1 /* SessionsView.swift in Sources */ = {isa = PBXBuildFile; fileRef = 93486577283BF894005497A1 /* SessionsView.swift */; };
		93486579283BF894005497A1 /* SessionsView.swift in Sources */ = {isa = PBXBuildFile; fileRef = 93486577283BF894005497A1 /* SessionsView.swift */; };
		9348657C283C001E005497A1 /* iOSGameTabView.swift in Sources */ = {isa = PBXBuildFile; fileRef = 9348657B283C001E005497A1 /* iOSGameTabView.swift */; };
		9348657E283C0072005497A1 /* MacGameTabView.swift in Sources */ = {isa = PBXBuildFile; fileRef = 9348657D283C0072005497A1 /* MacGameTabView.swift */; };
		93486580283C0BD8005497A1 /* GameStore.swift in Sources */ = {isa = PBXBuildFile; fileRef = 9348657F283C0BD8005497A1 /* GameStore.swift */; };
		93486581283C0BD8005497A1 /* GameStore.swift in Sources */ = {isa = PBXBuildFile; fileRef = 9348657F283C0BD8005497A1 /* GameStore.swift */; };
		93486583283C2A01005497A1 /* iOSCompactCharactersView.swift in Sources */ = {isa = PBXBuildFile; fileRef = 93486582283C2A01005497A1 /* iOSCompactCharactersView.swift */; };
		93486585283C2A61005497A1 /* ColumnCharactersView.swift in Sources */ = {isa = PBXBuildFile; fileRef = 93486584283C2A61005497A1 /* ColumnCharactersView.swift */; };
		93486586283C2A61005497A1 /* ColumnCharactersView.swift in Sources */ = {isa = PBXBuildFile; fileRef = 93486584283C2A61005497A1 /* ColumnCharactersView.swift */; };
		9348658E283CE14C005497A1 /* ButtonStyles.swift in Sources */ = {isa = PBXBuildFile; fileRef = 9348658D283CE14C005497A1 /* ButtonStyles.swift */; };
		9348658F283CE14C005497A1 /* ButtonStyles.swift in Sources */ = {isa = PBXBuildFile; fileRef = 9348658D283CE14C005497A1 /* ButtonStyles.swift */; };
		93486592283CE719005497A1 /* ButtomOfListButton.swift in Sources */ = {isa = PBXBuildFile; fileRef = 93486591283CE719005497A1 /* ButtomOfListButton.swift */; };
		93486593283CE719005497A1 /* ButtomOfListButton.swift in Sources */ = {isa = PBXBuildFile; fileRef = 93486591283CE719005497A1 /* ButtomOfListButton.swift */; };
		93486595283CECBA005497A1 /* GameViewToolbar.swift in Sources */ = {isa = PBXBuildFile; fileRef = 93486594283CECBA005497A1 /* GameViewToolbar.swift */; };
		93486596283CECBA005497A1 /* GameViewToolbar.swift in Sources */ = {isa = PBXBuildFile; fileRef = 93486594283CECBA005497A1 /* GameViewToolbar.swift */; };
		93486598283CF304005497A1 /* EditCharacterView.swift in Sources */ = {isa = PBXBuildFile; fileRef = 93486597283CF304005497A1 /* EditCharacterView.swift */; };
		93486599283CF304005497A1 /* EditCharacterView.swift in Sources */ = {isa = PBXBuildFile; fileRef = 93486597283CF304005497A1 /* EditCharacterView.swift */; };
		9348659B283CF370005497A1 /* EditCharacterModel.swift in Sources */ = {isa = PBXBuildFile; fileRef = 9348659A283CF370005497A1 /* EditCharacterModel.swift */; };
		9348659C283CF370005497A1 /* EditCharacterModel.swift in Sources */ = {isa = PBXBuildFile; fileRef = 9348659A283CF370005497A1 /* EditCharacterModel.swift */; };
		9348659F283CF404005497A1 /* AbstractEditModel.swift in Sources */ = {isa = PBXBuildFile; fileRef = 9348659E283CF404005497A1 /* AbstractEditModel.swift */; };
		934865A0283CF404005497A1 /* AbstractEditModel.swift in Sources */ = {isa = PBXBuildFile; fileRef = 9348659E283CF404005497A1 /* AbstractEditModel.swift */; };
		934865A2283CF8E9005497A1 /* CharacterStore.swift in Sources */ = {isa = PBXBuildFile; fileRef = 934865A1283CF8E9005497A1 /* CharacterStore.swift */; };
		934865A3283CF8E9005497A1 /* CharacterStore.swift in Sources */ = {isa = PBXBuildFile; fileRef = 934865A1283CF8E9005497A1 /* CharacterStore.swift */; };
		93C526A1283B891800371B6A /* Tests_iOS.swift in Sources */ = {isa = PBXBuildFile; fileRef = 93C526A0283B891800371B6A /* Tests_iOS.swift */; };
		93C526A3283B891800371B6A /* Tests_iOSLaunchTests.swift in Sources */ = {isa = PBXBuildFile; fileRef = 93C526A2283B891800371B6A /* Tests_iOSLaunchTests.swift */; };
		93C526AD283B891800371B6A /* Tests_macOS.swift in Sources */ = {isa = PBXBuildFile; fileRef = 93C526AC283B891800371B6A /* Tests_macOS.swift */; };
		93C526AF283B891800371B6A /* Tests_macOSLaunchTests.swift in Sources */ = {isa = PBXBuildFile; fileRef = 93C526AE283B891800371B6A /* Tests_macOSLaunchTests.swift */; };
		93C526B0283B891800371B6A /* Baxterblex.xcdatamodeld in Sources */ = {isa = PBXBuildFile; fileRef = 93C52685283B891600371B6A /* Baxterblex.xcdatamodeld */; };
		93C526B1283B891800371B6A /* Baxterblex.xcdatamodeld in Sources */ = {isa = PBXBuildFile; fileRef = 93C52685283B891600371B6A /* Baxterblex.xcdatamodeld */; };
		93C526B2283B891800371B6A /* BaxterblexApp.swift in Sources */ = {isa = PBXBuildFile; fileRef = 93C52687283B891600371B6A /* BaxterblexApp.swift */; };
		93C526B3283B891800371B6A /* BaxterblexApp.swift in Sources */ = {isa = PBXBuildFile; fileRef = 93C52687283B891600371B6A /* BaxterblexApp.swift */; };
		93C526B4283B891800371B6A /* ContentView.swift in Sources */ = {isa = PBXBuildFile; fileRef = 93C52688283B891600371B6A /* ContentView.swift */; };
		93C526B5283B891800371B6A /* ContentView.swift in Sources */ = {isa = PBXBuildFile; fileRef = 93C52688283B891600371B6A /* ContentView.swift */; };
		93C526B6283B891800371B6A /* Persistence.swift in Sources */ = {isa = PBXBuildFile; fileRef = 93C52689283B891600371B6A /* Persistence.swift */; };
		93C526B7283B891800371B6A /* Persistence.swift in Sources */ = {isa = PBXBuildFile; fileRef = 93C52689283B891600371B6A /* Persistence.swift */; };
		93C526B8283B891800371B6A /* Assets.xcassets in Resources */ = {isa = PBXBuildFile; fileRef = 93C5268A283B891800371B6A /* Assets.xcassets */; };
		93C526B9283B891800371B6A /* Assets.xcassets in Resources */ = {isa = PBXBuildFile; fileRef = 93C5268A283B891800371B6A /* Assets.xcassets */; };
/* End PBXBuildFile section */

/* Begin PBXContainerItemProxy section */
		93C5269D283B891800371B6A /* PBXContainerItemProxy */ = {
			isa = PBXContainerItemProxy;
			containerPortal = 93C52680283B891600371B6A /* Project object */;
			proxyType = 1;
			remoteGlobalIDString = 93C5268E283B891800371B6A;
			remoteInfo = "Baxterblex (iOS)";
		};
		93C526A9283B891800371B6A /* PBXContainerItemProxy */ = {
			isa = PBXContainerItemProxy;
			containerPortal = 93C52680283B891600371B6A /* Project object */;
			proxyType = 1;
			remoteGlobalIDString = 93C52694283B891800371B6A;
			remoteInfo = "Baxterblex (macOS)";
		};
/* End PBXContainerItemProxy section */

/* Begin PBXFileReference section */
		933CE3B1283BB67700ADBE50 /* EditGameSheet.swift */ = {isa = PBXFileReference; lastKnownFileType = sourcecode.swift; path = EditGameSheet.swift; sourceTree = "<group>"; };
		933CE3CC283BC06F00ADBE50 /* EditGameModel.swift */ = {isa = PBXFileReference; lastKnownFileType = sourcecode.swift; path = EditGameModel.swift; sourceTree = "<group>"; };
		933CE3CF283BC24F00ADBE50 /* MacEditGameForm.swift */ = {isa = PBXFileReference; lastKnownFileType = sourcecode.swift; path = MacEditGameForm.swift; sourceTree = "<group>"; };
		933CE3D1283BC31400ADBE50 /* iOSEditGameForm.swift */ = {isa = PBXFileReference; lastKnownFileType = sourcecode.swift; path = iOSEditGameForm.swift; sourceTree = "<group>"; };
		933CE3D8283BC99B00ADBE50 /* Constants.swift */ = {isa = PBXFileReference; lastKnownFileType = sourcecode.swift; path = Constants.swift; sourceTree = "<group>"; };
		93486563283BF6F7005497A1 /* GameView.swift */ = {isa = PBXFileReference; lastKnownFileType = sourcecode.swift; path = GameView.swift; sourceTree = "<group>"; };
		9348656B283BF774005497A1 /* DashboardView.swift */ = {isa = PBXFileReference; lastKnownFileType = sourcecode.swift; path = DashboardView.swift; sourceTree = "<group>"; };
		9348656E283BF7E9005497A1 /* CharactersView.swift */ = {isa = PBXFileReference; lastKnownFileType = sourcecode.swift; path = CharactersView.swift; sourceTree = "<group>"; };
		93486571283BF872005497A1 /* GearView.swift */ = {isa = PBXFileReference; lastKnownFileType = sourcecode.swift; path = GearView.swift; sourceTree = "<group>"; };
		93486574283BF882005497A1 /* AccountingView.swift */ = {isa = PBXFileReference; lastKnownFileType = sourcecode.swift; path = AccountingView.swift; sourceTree = "<group>"; };
		93486577283BF894005497A1 /* SessionsView.swift */ = {isa = PBXFileReference; lastKnownFileType = sourcecode.swift; path = SessionsView.swift; sourceTree = "<group>"; };
		9348657B283C001E005497A1 /* iOSGameTabView.swift */ = {isa = PBXFileReference; lastKnownFileType = sourcecode.swift; path = iOSGameTabView.swift; sourceTree = "<group>"; };
		9348657D283C0072005497A1 /* MacGameTabView.swift */ = {isa = PBXFileReference; lastKnownFileType = sourcecode.swift; path = MacGameTabView.swift; sourceTree = "<group>"; };
		9348657F283C0BD8005497A1 /* GameStore.swift */ = {isa = PBXFileReference; lastKnownFileType = sourcecode.swift; path = GameStore.swift; sourceTree = "<group>"; };
		93486582283C2A01005497A1 /* iOSCompactCharactersView.swift */ = {isa = PBXFileReference; lastKnownFileType = sourcecode.swift; path = iOSCompactCharactersView.swift; sourceTree = "<group>"; };
		93486584283C2A61005497A1 /* ColumnCharactersView.swift */ = {isa = PBXFileReference; lastKnownFileType = sourcecode.swift; path = ColumnCharactersView.swift; sourceTree = "<group>"; };
		9348658D283CE14C005497A1 /* ButtonStyles.swift */ = {isa = PBXFileReference; lastKnownFileType = sourcecode.swift; path = ButtonStyles.swift; sourceTree = "<group>"; };
		93486591283CE719005497A1 /* ButtomOfListButton.swift */ = {isa = PBXFileReference; lastKnownFileType = sourcecode.swift; path = ButtomOfListButton.swift; sourceTree = "<group>"; };
		93486594283CECBA005497A1 /* GameViewToolbar.swift */ = {isa = PBXFileReference; lastKnownFileType = sourcecode.swift; path = GameViewToolbar.swift; sourceTree = "<group>"; };
		93486597283CF304005497A1 /* EditCharacterView.swift */ = {isa = PBXFileReference; lastKnownFileType = sourcecode.swift; path = EditCharacterView.swift; sourceTree = "<group>"; };
		9348659A283CF370005497A1 /* EditCharacterModel.swift */ = {isa = PBXFileReference; lastKnownFileType = sourcecode.swift; path = EditCharacterModel.swift; sourceTree = "<group>"; };
		9348659E283CF404005497A1 /* AbstractEditModel.swift */ = {isa = PBXFileReference; lastKnownFileType = sourcecode.swift; path = AbstractEditModel.swift; sourceTree = "<group>"; };
		934865A1283CF8E9005497A1 /* CharacterStore.swift */ = {isa = PBXFileReference; lastKnownFileType = sourcecode.swift; path = CharacterStore.swift; sourceTree = "<group>"; };
		93C52686283B891600371B6A /* Shared.xcdatamodel */ = {isa = PBXFileReference; lastKnownFileType = wrapper.xcdatamodel; path = Shared.xcdatamodel; sourceTree = "<group>"; };
		93C52687283B891600371B6A /* BaxterblexApp.swift */ = {isa = PBXFileReference; lastKnownFileType = sourcecode.swift; path = BaxterblexApp.swift; sourceTree = "<group>"; };
		93C52688283B891600371B6A /* ContentView.swift */ = {isa = PBXFileReference; lastKnownFileType = sourcecode.swift; path = ContentView.swift; sourceTree = "<group>"; };
		93C52689283B891600371B6A /* Persistence.swift */ = {isa = PBXFileReference; lastKnownFileType = sourcecode.swift; path = Persistence.swift; sourceTree = "<group>"; };
		93C5268A283B891800371B6A /* Assets.xcassets */ = {isa = PBXFileReference; lastKnownFileType = folder.assetcatalog; path = Assets.xcassets; sourceTree = "<group>"; };
		93C5268F283B891800371B6A /* Baxterblex.app */ = {isa = PBXFileReference; explicitFileType = wrapper.application; includeInIndex = 0; path = Baxterblex.app; sourceTree = BUILT_PRODUCTS_DIR; };
		93C52695283B891800371B6A /* Baxterblex.app */ = {isa = PBXFileReference; explicitFileType = wrapper.application; includeInIndex = 0; path = Baxterblex.app; sourceTree = BUILT_PRODUCTS_DIR; };
		93C52697283B891800371B6A /* macOS.entitlements */ = {isa = PBXFileReference; lastKnownFileType = text.plist.entitlements; path = macOS.entitlements; sourceTree = "<group>"; };
		93C5269C283B891800371B6A /* Tests iOS.xctest */ = {isa = PBXFileReference; explicitFileType = wrapper.cfbundle; includeInIndex = 0; path = "Tests iOS.xctest"; sourceTree = BUILT_PRODUCTS_DIR; };
		93C526A0283B891800371B6A /* Tests_iOS.swift */ = {isa = PBXFileReference; lastKnownFileType = sourcecode.swift; path = Tests_iOS.swift; sourceTree = "<group>"; };
		93C526A2283B891800371B6A /* Tests_iOSLaunchTests.swift */ = {isa = PBXFileReference; lastKnownFileType = sourcecode.swift; path = Tests_iOSLaunchTests.swift; sourceTree = "<group>"; };
		93C526A8283B891800371B6A /* Tests macOS.xctest */ = {isa = PBXFileReference; explicitFileType = wrapper.cfbundle; includeInIndex = 0; path = "Tests macOS.xctest"; sourceTree = BUILT_PRODUCTS_DIR; };
		93C526AC283B891800371B6A /* Tests_macOS.swift */ = {isa = PBXFileReference; lastKnownFileType = sourcecode.swift; path = Tests_macOS.swift; sourceTree = "<group>"; };
		93C526AE283B891800371B6A /* Tests_macOSLaunchTests.swift */ = {isa = PBXFileReference; lastKnownFileType = sourcecode.swift; path = Tests_macOSLaunchTests.swift; sourceTree = "<group>"; };
/* End PBXFileReference section */

/* Begin PBXFrameworksBuildPhase section */
		93C5268C283B891800371B6A /* Frameworks */ = {
			isa = PBXFrameworksBuildPhase;
			buildActionMask = 2147483647;
			files = (
			);
			runOnlyForDeploymentPostprocessing = 0;
		};
		93C52692283B891800371B6A /* Frameworks */ = {
			isa = PBXFrameworksBuildPhase;
			buildActionMask = 2147483647;
			files = (
			);
			runOnlyForDeploymentPostprocessing = 0;
		};
		93C52699283B891800371B6A /* Frameworks */ = {
			isa = PBXFrameworksBuildPhase;
			buildActionMask = 2147483647;
			files = (
			);
			runOnlyForDeploymentPostprocessing = 0;
		};
		93C526A5283B891800371B6A /* Frameworks */ = {
			isa = PBXFrameworksBuildPhase;
			buildActionMask = 2147483647;
			files = (
			);
			runOnlyForDeploymentPostprocessing = 0;
		};
/* End PBXFrameworksBuildPhase section */

/* Begin PBXGroup section */
		933CE3B0283BB66200ADBE50 /* Games */ = {
			isa = PBXGroup;
			children = (
				9348657F283C0BD8005497A1 /* GameStore.swift */,
				93486563283BF6F7005497A1 /* GameView.swift */,
				93486594283CECBA005497A1 /* GameViewToolbar.swift */,
				9348657B283C001E005497A1 /* iOSGameTabView.swift */,
				9348657D283C0072005497A1 /* MacGameTabView.swift */,
				933CE3CB283BBF5C00ADBE50 /* EditGame */,
			);
			path = Games;
			sourceTree = "<group>";
		};
		933CE3CB283BBF5C00ADBE50 /* EditGame */ = {
			isa = PBXGroup;
			children = (
				933CE3B1283BB67700ADBE50 /* EditGameSheet.swift */,
				933CE3CC283BC06F00ADBE50 /* EditGameModel.swift */,
				933CE3CF283BC24F00ADBE50 /* MacEditGameForm.swift */,
				933CE3D1283BC31400ADBE50 /* iOSEditGameForm.swift */,
			);
			path = EditGame;
			sourceTree = "<group>";
		};
		93486566283BF73B005497A1 /* Dashboard */ = {
			isa = PBXGroup;
			children = (
				9348656B283BF774005497A1 /* DashboardView.swift */,
			);
			path = Dashboard;
			sourceTree = "<group>";
		};
		93486567283BF742005497A1 /* Characters */ = {
			isa = PBXGroup;
			children = (
				934865A1283CF8E9005497A1 /* CharacterStore.swift */,
				9348656E283BF7E9005497A1 /* CharactersView.swift */,
				93486582283C2A01005497A1 /* iOSCompactCharactersView.swift */,
				93486584283C2A61005497A1 /* ColumnCharactersView.swift */,
				934865A4283CF9A5005497A1 /* EditCharacter */,
			);
			path = Characters;
			sourceTree = "<group>";
		};
		93486568283BF750005497A1 /* Gear */ = {
			isa = PBXGroup;
			children = (
				93486571283BF872005497A1 /* GearView.swift */,
			);
			path = Gear;
			sourceTree = "<group>";
		};
		93486569283BF75B005497A1 /* Accounting */ = {
			isa = PBXGroup;
			children = (
				93486574283BF882005497A1 /* AccountingView.swift */,
			);
			path = Accounting;
			sourceTree = "<group>";
		};
		9348656A283BF762005497A1 /* Sessions */ = {
			isa = PBXGroup;
			children = (
				93486577283BF894005497A1 /* SessionsView.swift */,
			);
			path = Sessions;
			sourceTree = "<group>";
		};
		9348658C283CE138005497A1 /* Styles */ = {
			isa = PBXGroup;
			children = (
				9348658D283CE14C005497A1 /* ButtonStyles.swift */,
			);
			path = Styles;
			sourceTree = "<group>";
		};
		93486590283CE706005497A1 /* Elements */ = {
			isa = PBXGroup;
			children = (
				93486591283CE719005497A1 /* ButtomOfListButton.swift */,
			);
			path = Elements;
			sourceTree = "<group>";
		};
		9348659D283CF3ED005497A1 /* Abstract */ = {
			isa = PBXGroup;
			children = (
				9348659E283CF404005497A1 /* AbstractEditModel.swift */,
			);
			path = Abstract;
			sourceTree = "<group>";
		};
		934865A4283CF9A5005497A1 /* EditCharacter */ = {
			isa = PBXGroup;
			children = (
				93486597283CF304005497A1 /* EditCharacterView.swift */,
				9348659A283CF370005497A1 /* EditCharacterModel.swift */,
			);
			path = EditCharacter;
			sourceTree = "<group>";
		};
		93C5267F283B891600371B6A = {
			isa = PBXGroup;
			children = (
				93C52684283B891600371B6A /* Shared */,
				93C52696283B891800371B6A /* macOS */,
				93C5269F283B891800371B6A /* Tests iOS */,
				93C526AB283B891800371B6A /* Tests macOS */,
				93C52690283B891800371B6A /* Products */,
			);
			sourceTree = "<group>";
		};
		93C52684283B891600371B6A /* Shared */ = {
			isa = PBXGroup;
			children = (
				93C52689283B891600371B6A /* Persistence.swift */,
				93C52687283B891600371B6A /* BaxterblexApp.swift */,
				93C52688283B891600371B6A /* ContentView.swift */,
				933CE3B0283BB66200ADBE50 /* Games */,
				93486566283BF73B005497A1 /* Dashboard */,
				93486567283BF742005497A1 /* Characters */,
				93486568283BF750005497A1 /* Gear */,
				93486569283BF75B005497A1 /* Accounting */,
				9348656A283BF762005497A1 /* Sessions */,
				93486590283CE706005497A1 /* Elements */,
				9348658C283CE138005497A1 /* Styles */,
				9348659D283CF3ED005497A1 /* Abstract */,
				933CE3D8283BC99B00ADBE50 /* Constants.swift */,
				93C5268A283B891800371B6A /* Assets.xcassets */,
				93C52685283B891600371B6A /* Baxterblex.xcdatamodeld */,
			);
			path = Shared;
			sourceTree = "<group>";
		};
		93C52690283B891800371B6A /* Products */ = {
			isa = PBXGroup;
			children = (
				93C5268F283B891800371B6A /* Baxterblex.app */,
				93C52695283B891800371B6A /* Baxterblex.app */,
				93C5269C283B891800371B6A /* Tests iOS.xctest */,
				93C526A8283B891800371B6A /* Tests macOS.xctest */,
			);
			name = Products;
			sourceTree = "<group>";
		};
		93C52696283B891800371B6A /* macOS */ = {
			isa = PBXGroup;
			children = (
				93C52697283B891800371B6A /* macOS.entitlements */,
			);
			path = macOS;
			sourceTree = "<group>";
		};
		93C5269F283B891800371B6A /* Tests iOS */ = {
			isa = PBXGroup;
			children = (
				93C526A0283B891800371B6A /* Tests_iOS.swift */,
				93C526A2283B891800371B6A /* Tests_iOSLaunchTests.swift */,
			);
			path = "Tests iOS";
			sourceTree = "<group>";
		};
		93C526AB283B891800371B6A /* Tests macOS */ = {
			isa = PBXGroup;
			children = (
				93C526AC283B891800371B6A /* Tests_macOS.swift */,
				93C526AE283B891800371B6A /* Tests_macOSLaunchTests.swift */,
			);
			path = "Tests macOS";
			sourceTree = "<group>";
		};
/* End PBXGroup section */

/* Begin PBXNativeTarget section */
		93C5268E283B891800371B6A /* Baxterblex (iOS) */ = {
			isa = PBXNativeTarget;
			buildConfigurationList = 93C526BC283B891800371B6A /* Build configuration list for PBXNativeTarget "Baxterblex (iOS)" */;
			buildPhases = (
				93C5268B283B891800371B6A /* Sources */,
				93C5268C283B891800371B6A /* Frameworks */,
				93C5268D283B891800371B6A /* Resources */,
			);
			buildRules = (
			);
			dependencies = (
			);
			name = "Baxterblex (iOS)";
			productName = "Baxterblex (iOS)";
			productReference = 93C5268F283B891800371B6A /* Baxterblex.app */;
			productType = "com.apple.product-type.application";
		};
		93C52694283B891800371B6A /* Baxterblex (macOS) */ = {
			isa = PBXNativeTarget;
			buildConfigurationList = 93C526BF283B891800371B6A /* Build configuration list for PBXNativeTarget "Baxterblex (macOS)" */;
			buildPhases = (
				93C52691283B891800371B6A /* Sources */,
				93C52692283B891800371B6A /* Frameworks */,
				93C52693283B891800371B6A /* Resources */,
			);
			buildRules = (
			);
			dependencies = (
			);
			name = "Baxterblex (macOS)";
			productName = "Baxterblex (macOS)";
			productReference = 93C52695283B891800371B6A /* Baxterblex.app */;
			productType = "com.apple.product-type.application";
		};
		93C5269B283B891800371B6A /* Tests iOS */ = {
			isa = PBXNativeTarget;
			buildConfigurationList = 93C526C2283B891800371B6A /* Build configuration list for PBXNativeTarget "Tests iOS" */;
			buildPhases = (
				93C52698283B891800371B6A /* Sources */,
				93C52699283B891800371B6A /* Frameworks */,
				93C5269A283B891800371B6A /* Resources */,
			);
			buildRules = (
			);
			dependencies = (
				93C5269E283B891800371B6A /* PBXTargetDependency */,
			);
			name = "Tests iOS";
			productName = "Tests iOS";
			productReference = 93C5269C283B891800371B6A /* Tests iOS.xctest */;
			productType = "com.apple.product-type.bundle.ui-testing";
		};
		93C526A7283B891800371B6A /* Tests macOS */ = {
			isa = PBXNativeTarget;
			buildConfigurationList = 93C526C5283B891800371B6A /* Build configuration list for PBXNativeTarget "Tests macOS" */;
			buildPhases = (
				93C526A4283B891800371B6A /* Sources */,
				93C526A5283B891800371B6A /* Frameworks */,
				93C526A6283B891800371B6A /* Resources */,
			);
			buildRules = (
			);
			dependencies = (
				93C526AA283B891800371B6A /* PBXTargetDependency */,
			);
			name = "Tests macOS";
			productName = "Tests macOS";
			productReference = 93C526A8283B891800371B6A /* Tests macOS.xctest */;
			productType = "com.apple.product-type.bundle.ui-testing";
		};
/* End PBXNativeTarget section */

/* Begin PBXProject section */
		93C52680283B891600371B6A /* Project object */ = {
			isa = PBXProject;
			attributes = {
				BuildIndependentTargetsInParallel = 1;
				LastSwiftUpdateCheck = 1340;
				LastUpgradeCheck = 1340;
				TargetAttributes = {
					93C5268E283B891800371B6A = {
						CreatedOnToolsVersion = 13.4;
					};
					93C52694283B891800371B6A = {
						CreatedOnToolsVersion = 13.4;
					};
					93C5269B283B891800371B6A = {
						CreatedOnToolsVersion = 13.4;
						TestTargetID = 93C5268E283B891800371B6A;
					};
					93C526A7283B891800371B6A = {
						CreatedOnToolsVersion = 13.4;
						TestTargetID = 93C52694283B891800371B6A;
					};
				};
			};
			buildConfigurationList = 93C52683283B891600371B6A /* Build configuration list for PBXProject "Baxterblex" */;
			compatibilityVersion = "Xcode 13.0";
			developmentRegion = en;
			hasScannedForEncodings = 0;
			knownRegions = (
				en,
				Base,
			);
			mainGroup = 93C5267F283B891600371B6A;
			productRefGroup = 93C52690283B891800371B6A /* Products */;
			projectDirPath = "";
			projectRoot = "";
			targets = (
				93C5268E283B891800371B6A /* Baxterblex (iOS) */,
				93C52694283B891800371B6A /* Baxterblex (macOS) */,
				93C5269B283B891800371B6A /* Tests iOS */,
				93C526A7283B891800371B6A /* Tests macOS */,
			);
		};
/* End PBXProject section */

/* Begin PBXResourcesBuildPhase section */
		93C5268D283B891800371B6A /* Resources */ = {
			isa = PBXResourcesBuildPhase;
			buildActionMask = 2147483647;
			files = (
				93C526B8283B891800371B6A /* Assets.xcassets in Resources */,
			);
			runOnlyForDeploymentPostprocessing = 0;
		};
		93C52693283B891800371B6A /* Resources */ = {
			isa = PBXResourcesBuildPhase;
			buildActionMask = 2147483647;
			files = (
				93C526B9283B891800371B6A /* Assets.xcassets in Resources */,
			);
			runOnlyForDeploymentPostprocessing = 0;
		};
		93C5269A283B891800371B6A /* Resources */ = {
			isa = PBXResourcesBuildPhase;
			buildActionMask = 2147483647;
			files = (
			);
			runOnlyForDeploymentPostprocessing = 0;
		};
		93C526A6283B891800371B6A /* Resources */ = {
			isa = PBXResourcesBuildPhase;
			buildActionMask = 2147483647;
			files = (
			);
			runOnlyForDeploymentPostprocessing = 0;
		};
/* End PBXResourcesBuildPhase section */

/* Begin PBXSourcesBuildPhase section */
		93C5268B283B891800371B6A /* Sources */ = {
			isa = PBXSourcesBuildPhase;
			buildActionMask = 2147483647;
			files = (
				9348657C283C001E005497A1 /* iOSGameTabView.swift in Sources */,
				93C526B2283B891800371B6A /* BaxterblexApp.swift in Sources */,
				93486585283C2A61005497A1 /* ColumnCharactersView.swift in Sources */,
				93486575283BF882005497A1 /* AccountingView.swift in Sources */,
				93C526B6283B891800371B6A /* Persistence.swift in Sources */,
				9348659F283CF404005497A1 /* AbstractEditModel.swift in Sources */,
				933CE3CD283BC06F00ADBE50 /* EditGameModel.swift in Sources */,
				933CE3B2283BB67700ADBE50 /* EditGameSheet.swift in Sources */,
				9348656F283BF7E9005497A1 /* CharactersView.swift in Sources */,
				93486564283BF6F7005497A1 /* GameView.swift in Sources */,
				93486583283C2A01005497A1 /* iOSCompactCharactersView.swift in Sources */,
				93486595283CECBA005497A1 /* GameViewToolbar.swift in Sources */,
				93C526B0283B891800371B6A /* Baxterblex.xcdatamodeld in Sources */,
				9348658E283CE14C005497A1 /* ButtonStyles.swift in Sources */,
				93486572283BF872005497A1 /* GearView.swift in Sources */,
				93486580283C0BD8005497A1 /* GameStore.swift in Sources */,
				934865A2283CF8E9005497A1 /* CharacterStore.swift in Sources */,
				93486578283BF894005497A1 /* SessionsView.swift in Sources */,
				93486598283CF304005497A1 /* EditCharacterView.swift in Sources */,
				93C526B4283B891800371B6A /* ContentView.swift in Sources */,
				9348659B283CF370005497A1 /* EditCharacterModel.swift in Sources */,
				9348656C283BF774005497A1 /* DashboardView.swift in Sources */,
				933CE3D2283BC31400ADBE50 /* iOSEditGameForm.swift in Sources */,
				933CE3D9283BC99B00ADBE50 /* Constants.swift in Sources */,
				93486592283CE719005497A1 /* ButtomOfListButton.swift in Sources */,
			);
			runOnlyForDeploymentPostprocessing = 0;
		};
		93C52691283B891800371B6A /* Sources */ = {
			isa = PBXSourcesBuildPhase;
			buildActionMask = 2147483647;
			files = (
				93486596283CECBA005497A1 /* GameViewToolbar.swift in Sources */,
				934865A3283CF8E9005497A1 /* CharacterStore.swift in Sources */,
				93C526B3283B891800371B6A /* BaxterblexApp.swift in Sources */,
				93486593283CE719005497A1 /* ButtomOfListButton.swift in Sources */,
				93486576283BF882005497A1 /* AccountingView.swift in Sources */,
				93C526B7283B891800371B6A /* Persistence.swift in Sources */,
				933CE3CE283BC06F00ADBE50 /* EditGameModel.swift in Sources */,
				933CE3B3283BB67700ADBE50 /* EditGameSheet.swift in Sources */,
				93486570283BF7E9005497A1 /* CharactersView.swift in Sources */,
				93486565283BF6F7005497A1 /* GameView.swift in Sources */,
				933CE3D0283BC24F00ADBE50 /* MacEditGameForm.swift in Sources */,
				93486573283BF872005497A1 /* GearView.swift in Sources */,
				93486579283BF894005497A1 /* SessionsView.swift in Sources */,
				93486581283C0BD8005497A1 /* GameStore.swift in Sources */,
				93486586283C2A61005497A1 /* ColumnCharactersView.swift in Sources */,
				93C526B1283B891800371B6A /* Baxterblex.xcdatamodeld in Sources */,
				934865A0283CF404005497A1 /* AbstractEditModel.swift in Sources */,
				9348658F283CE14C005497A1 /* ButtonStyles.swift in Sources */,
				9348656D283BF774005497A1 /* DashboardView.swift in Sources */,
				9348657E283C0072005497A1 /* MacGameTabView.swift in Sources */,
				93C526B5283B891800371B6A /* ContentView.swift in Sources */,
				93486599283CF304005497A1 /* EditCharacterView.swift in Sources */,
				933CE3DA283BC99B00ADBE50 /* Constants.swift in Sources */,
				9348659C283CF370005497A1 /* EditCharacterModel.swift in Sources */,
			);
			runOnlyForDeploymentPostprocessing = 0;
		};
		93C52698283B891800371B6A /* Sources */ = {
			isa = PBXSourcesBuildPhase;
			buildActionMask = 2147483647;
			files = (
				93C526A3283B891800371B6A /* Tests_iOSLaunchTests.swift in Sources */,
				93C526A1283B891800371B6A /* Tests_iOS.swift in Sources */,
			);
			runOnlyForDeploymentPostprocessing = 0;
		};
		93C526A4283B891800371B6A /* Sources */ = {
			isa = PBXSourcesBuildPhase;
			buildActionMask = 2147483647;
			files = (
				93C526AF283B891800371B6A /* Tests_macOSLaunchTests.swift in Sources */,
				93C526AD283B891800371B6A /* Tests_macOS.swift in Sources */,
			);
			runOnlyForDeploymentPostprocessing = 0;
		};
/* End PBXSourcesBuildPhase section */

/* Begin PBXTargetDependency section */
		93C5269E283B891800371B6A /* PBXTargetDependency */ = {
			isa = PBXTargetDependency;
			target = 93C5268E283B891800371B6A /* Baxterblex (iOS) */;
			targetProxy = 93C5269D283B891800371B6A /* PBXContainerItemProxy */;
		};
		93C526AA283B891800371B6A /* PBXTargetDependency */ = {
			isa = PBXTargetDependency;
			target = 93C52694283B891800371B6A /* Baxterblex (macOS) */;
			targetProxy = 93C526A9283B891800371B6A /* PBXContainerItemProxy */;
		};
/* End PBXTargetDependency section */

/* Begin XCBuildConfiguration section */
		93C526BA283B891800371B6A /* Debug */ = {
			isa = XCBuildConfiguration;
			buildSettings = {
				ALWAYS_SEARCH_USER_PATHS = NO;
				CLANG_ANALYZER_NONNULL = YES;
				CLANG_ANALYZER_NUMBER_OBJECT_CONVERSION = YES_AGGRESSIVE;
				CLANG_CXX_LANGUAGE_STANDARD = "gnu++17";
				CLANG_ENABLE_MODULES = YES;
				CLANG_ENABLE_OBJC_ARC = YES;
				CLANG_ENABLE_OBJC_WEAK = YES;
				CLANG_WARN_BLOCK_CAPTURE_AUTORELEASING = YES;
				CLANG_WARN_BOOL_CONVERSION = YES;
				CLANG_WARN_COMMA = YES;
				CLANG_WARN_CONSTANT_CONVERSION = YES;
				CLANG_WARN_DEPRECATED_OBJC_IMPLEMENTATIONS = YES;
				CLANG_WARN_DIRECT_OBJC_ISA_USAGE = YES_ERROR;
				CLANG_WARN_DOCUMENTATION_COMMENTS = YES;
				CLANG_WARN_EMPTY_BODY = YES;
				CLANG_WARN_ENUM_CONVERSION = YES;
				CLANG_WARN_INFINITE_RECURSION = YES;
				CLANG_WARN_INT_CONVERSION = YES;
				CLANG_WARN_NON_LITERAL_NULL_CONVERSION = YES;
				CLANG_WARN_OBJC_IMPLICIT_RETAIN_SELF = YES;
				CLANG_WARN_OBJC_LITERAL_CONVERSION = YES;
				CLANG_WARN_OBJC_ROOT_CLASS = YES_ERROR;
				CLANG_WARN_QUOTED_INCLUDE_IN_FRAMEWORK_HEADER = YES;
				CLANG_WARN_RANGE_LOOP_ANALYSIS = YES;
				CLANG_WARN_STRICT_PROTOTYPES = YES;
				CLANG_WARN_SUSPICIOUS_MOVE = YES;
				CLANG_WARN_UNGUARDED_AVAILABILITY = YES_AGGRESSIVE;
				CLANG_WARN_UNREACHABLE_CODE = YES;
				CLANG_WARN__DUPLICATE_METHOD_MATCH = YES;
				COPY_PHASE_STRIP = NO;
				DEBUG_INFORMATION_FORMAT = dwarf;
				ENABLE_STRICT_OBJC_MSGSEND = YES;
				ENABLE_TESTABILITY = YES;
				GCC_C_LANGUAGE_STANDARD = gnu11;
				GCC_DYNAMIC_NO_PIC = NO;
				GCC_NO_COMMON_BLOCKS = YES;
				GCC_OPTIMIZATION_LEVEL = 0;
				GCC_PREPROCESSOR_DEFINITIONS = (
					"DEBUG=1",
					"$(inherited)",
				);
				GCC_WARN_64_TO_32_BIT_CONVERSION = YES;
				GCC_WARN_ABOUT_RETURN_TYPE = YES_ERROR;
				GCC_WARN_UNDECLARED_SELECTOR = YES;
				GCC_WARN_UNINITIALIZED_AUTOS = YES_AGGRESSIVE;
				GCC_WARN_UNUSED_FUNCTION = YES;
				GCC_WARN_UNUSED_VARIABLE = YES;
				MTL_ENABLE_DEBUG_INFO = INCLUDE_SOURCE;
				MTL_FAST_MATH = YES;
				ONLY_ACTIVE_ARCH = YES;
				SWIFT_ACTIVE_COMPILATION_CONDITIONS = DEBUG;
				SWIFT_OPTIMIZATION_LEVEL = "-Onone";
			};
			name = Debug;
		};
		93C526BB283B891800371B6A /* Release */ = {
			isa = XCBuildConfiguration;
			buildSettings = {
				ALWAYS_SEARCH_USER_PATHS = NO;
				CLANG_ANALYZER_NONNULL = YES;
				CLANG_ANALYZER_NUMBER_OBJECT_CONVERSION = YES_AGGRESSIVE;
				CLANG_CXX_LANGUAGE_STANDARD = "gnu++17";
				CLANG_ENABLE_MODULES = YES;
				CLANG_ENABLE_OBJC_ARC = YES;
				CLANG_ENABLE_OBJC_WEAK = YES;
				CLANG_WARN_BLOCK_CAPTURE_AUTORELEASING = YES;
				CLANG_WARN_BOOL_CONVERSION = YES;
				CLANG_WARN_COMMA = YES;
				CLANG_WARN_CONSTANT_CONVERSION = YES;
				CLANG_WARN_DEPRECATED_OBJC_IMPLEMENTATIONS = YES;
				CLANG_WARN_DIRECT_OBJC_ISA_USAGE = YES_ERROR;
				CLANG_WARN_DOCUMENTATION_COMMENTS = YES;
				CLANG_WARN_EMPTY_BODY = YES;
				CLANG_WARN_ENUM_CONVERSION = YES;
				CLANG_WARN_INFINITE_RECURSION = YES;
				CLANG_WARN_INT_CONVERSION = YES;
				CLANG_WARN_NON_LITERAL_NULL_CONVERSION = YES;
				CLANG_WARN_OBJC_IMPLICIT_RETAIN_SELF = YES;
				CLANG_WARN_OBJC_LITERAL_CONVERSION = YES;
				CLANG_WARN_OBJC_ROOT_CLASS = YES_ERROR;
				CLANG_WARN_QUOTED_INCLUDE_IN_FRAMEWORK_HEADER = YES;
				CLANG_WARN_RANGE_LOOP_ANALYSIS = YES;
				CLANG_WARN_STRICT_PROTOTYPES = YES;
				CLANG_WARN_SUSPICIOUS_MOVE = YES;
				CLANG_WARN_UNGUARDED_AVAILABILITY = YES_AGGRESSIVE;
				CLANG_WARN_UNREACHABLE_CODE = YES;
				CLANG_WARN__DUPLICATE_METHOD_MATCH = YES;
				COPY_PHASE_STRIP = NO;
				DEBUG_INFORMATION_FORMAT = "dwarf-with-dsym";
				ENABLE_NS_ASSERTIONS = NO;
				ENABLE_STRICT_OBJC_MSGSEND = YES;
				GCC_C_LANGUAGE_STANDARD = gnu11;
				GCC_NO_COMMON_BLOCKS = YES;
				GCC_WARN_64_TO_32_BIT_CONVERSION = YES;
				GCC_WARN_ABOUT_RETURN_TYPE = YES_ERROR;
				GCC_WARN_UNDECLARED_SELECTOR = YES;
				GCC_WARN_UNINITIALIZED_AUTOS = YES_AGGRESSIVE;
				GCC_WARN_UNUSED_FUNCTION = YES;
				GCC_WARN_UNUSED_VARIABLE = YES;
				MTL_ENABLE_DEBUG_INFO = NO;
				MTL_FAST_MATH = YES;
				SWIFT_COMPILATION_MODE = wholemodule;
				SWIFT_OPTIMIZATION_LEVEL = "-O";
			};
			name = Release;
		};
		93C526BD283B891800371B6A /* Debug */ = {
			isa = XCBuildConfiguration;
			buildSettings = {
				ASSETCATALOG_COMPILER_APPICON_NAME = AppIcon;
				ASSETCATALOG_COMPILER_GLOBAL_ACCENT_COLOR_NAME = AccentColor;
				CODE_SIGN_STYLE = Automatic;
				CURRENT_PROJECT_VERSION = 1;
				DEVELOPMENT_TEAM = MMG5EY7EYL;
				ENABLE_PREVIEWS = YES;
				GENERATE_INFOPLIST_FILE = YES;
				INFOPLIST_KEY_UIApplicationSceneManifest_Generation = YES;
				INFOPLIST_KEY_UIApplicationSupportsIndirectInputEvents = YES;
				INFOPLIST_KEY_UILaunchScreen_Generation = YES;
				INFOPLIST_KEY_UISupportedInterfaceOrientations_iPad = "UIInterfaceOrientationPortrait UIInterfaceOrientationPortraitUpsideDown UIInterfaceOrientationLandscapeLeft UIInterfaceOrientationLandscapeRight";
				INFOPLIST_KEY_UISupportedInterfaceOrientations_iPhone = "UIInterfaceOrientationPortrait UIInterfaceOrientationLandscapeLeft UIInterfaceOrientationLandscapeRight";
				IPHONEOS_DEPLOYMENT_TARGET = 15.5;
				LD_RUNPATH_SEARCH_PATHS = (
					"$(inherited)",
					"@executable_path/Frameworks",
				);
				MARKETING_VERSION = 1.0;
				PRODUCT_BUNDLE_IDENTIFIER = com.alexseifert.Baxterblex;
				PRODUCT_NAME = Baxterblex;
				SDKROOT = iphoneos;
				SWIFT_EMIT_LOC_STRINGS = YES;
				SWIFT_VERSION = 5.0;
				TARGETED_DEVICE_FAMILY = "1,2";
			};
			name = Debug;
		};
		93C526BE283B891800371B6A /* Release */ = {
			isa = XCBuildConfiguration;
			buildSettings = {
				ASSETCATALOG_COMPILER_APPICON_NAME = AppIcon;
				ASSETCATALOG_COMPILER_GLOBAL_ACCENT_COLOR_NAME = AccentColor;
				CODE_SIGN_STYLE = Automatic;
				CURRENT_PROJECT_VERSION = 1;
				DEVELOPMENT_TEAM = MMG5EY7EYL;
				ENABLE_PREVIEWS = YES;
				GENERATE_INFOPLIST_FILE = YES;
				INFOPLIST_KEY_UIApplicationSceneManifest_Generation = YES;
				INFOPLIST_KEY_UIApplicationSupportsIndirectInputEvents = YES;
				INFOPLIST_KEY_UILaunchScreen_Generation = YES;
				INFOPLIST_KEY_UISupportedInterfaceOrientations_iPad = "UIInterfaceOrientationPortrait UIInterfaceOrientationPortraitUpsideDown UIInterfaceOrientationLandscapeLeft UIInterfaceOrientationLandscapeRight";
				INFOPLIST_KEY_UISupportedInterfaceOrientations_iPhone = "UIInterfaceOrientationPortrait UIInterfaceOrientationLandscapeLeft UIInterfaceOrientationLandscapeRight";
				IPHONEOS_DEPLOYMENT_TARGET = 15.5;
				LD_RUNPATH_SEARCH_PATHS = (
					"$(inherited)",
					"@executable_path/Frameworks",
				);
				MARKETING_VERSION = 1.0;
				PRODUCT_BUNDLE_IDENTIFIER = com.alexseifert.Baxterblex;
				PRODUCT_NAME = Baxterblex;
				SDKROOT = iphoneos;
				SWIFT_EMIT_LOC_STRINGS = YES;
				SWIFT_VERSION = 5.0;
				TARGETED_DEVICE_FAMILY = "1,2";
				VALIDATE_PRODUCT = YES;
			};
			name = Release;
		};
		93C526C0283B891800371B6A /* Debug */ = {
			isa = XCBuildConfiguration;
			buildSettings = {
				ASSETCATALOG_COMPILER_APPICON_NAME = AppIcon;
				ASSETCATALOG_COMPILER_GLOBAL_ACCENT_COLOR_NAME = AccentColor;
				CODE_SIGN_ENTITLEMENTS = macOS/macOS.entitlements;
				CODE_SIGN_STYLE = Automatic;
				COMBINE_HIDPI_IMAGES = YES;
				CURRENT_PROJECT_VERSION = 1;
				DEVELOPMENT_TEAM = MMG5EY7EYL;
				ENABLE_HARDENED_RUNTIME = YES;
				ENABLE_PREVIEWS = YES;
				GENERATE_INFOPLIST_FILE = YES;
				INFOPLIST_KEY_NSHumanReadableCopyright = "";
				LD_RUNPATH_SEARCH_PATHS = (
					"$(inherited)",
					"@executable_path/../Frameworks",
				);
				MACOSX_DEPLOYMENT_TARGET = 12.3;
				MARKETING_VERSION = 1.0;
				PRODUCT_BUNDLE_IDENTIFIER = com.alexseifert.Baxterblex;
				PRODUCT_NAME = Baxterblex;
				SDKROOT = macosx;
				SWIFT_EMIT_LOC_STRINGS = YES;
				SWIFT_VERSION = 5.0;
			};
			name = Debug;
		};
		93C526C1283B891800371B6A /* Release */ = {
			isa = XCBuildConfiguration;
			buildSettings = {
				ASSETCATALOG_COMPILER_APPICON_NAME = AppIcon;
				ASSETCATALOG_COMPILER_GLOBAL_ACCENT_COLOR_NAME = AccentColor;
				CODE_SIGN_ENTITLEMENTS = macOS/macOS.entitlements;
				CODE_SIGN_STYLE = Automatic;
				COMBINE_HIDPI_IMAGES = YES;
				CURRENT_PROJECT_VERSION = 1;
				DEVELOPMENT_TEAM = MMG5EY7EYL;
				ENABLE_HARDENED_RUNTIME = YES;
				ENABLE_PREVIEWS = YES;
				GENERATE_INFOPLIST_FILE = YES;
				INFOPLIST_KEY_NSHumanReadableCopyright = "";
				LD_RUNPATH_SEARCH_PATHS = (
					"$(inherited)",
					"@executable_path/../Frameworks",
				);
				MACOSX_DEPLOYMENT_TARGET = 12.3;
				MARKETING_VERSION = 1.0;
				PRODUCT_BUNDLE_IDENTIFIER = com.alexseifert.Baxterblex;
				PRODUCT_NAME = Baxterblex;
				SDKROOT = macosx;
				SWIFT_EMIT_LOC_STRINGS = YES;
				SWIFT_VERSION = 5.0;
			};
			name = Release;
		};
		93C526C3283B891800371B6A /* Debug */ = {
			isa = XCBuildConfiguration;
			buildSettings = {
				ALWAYS_EMBED_SWIFT_STANDARD_LIBRARIES = YES;
				CODE_SIGN_STYLE = Automatic;
				CURRENT_PROJECT_VERSION = 1;
				DEVELOPMENT_TEAM = MMG5EY7EYL;
				GENERATE_INFOPLIST_FILE = YES;
				IPHONEOS_DEPLOYMENT_TARGET = 15.5;
				MARKETING_VERSION = 1.0;
				PRODUCT_BUNDLE_IDENTIFIER = "com.alexseifert.Tests-iOS";
				PRODUCT_NAME = "$(TARGET_NAME)";
				SDKROOT = iphoneos;
				SWIFT_EMIT_LOC_STRINGS = NO;
				SWIFT_VERSION = 5.0;
				TARGETED_DEVICE_FAMILY = "1,2";
				TEST_TARGET_NAME = "Baxterblex (iOS)";
			};
			name = Debug;
		};
		93C526C4283B891800371B6A /* Release */ = {
			isa = XCBuildConfiguration;
			buildSettings = {
				ALWAYS_EMBED_SWIFT_STANDARD_LIBRARIES = YES;
				CODE_SIGN_STYLE = Automatic;
				CURRENT_PROJECT_VERSION = 1;
				DEVELOPMENT_TEAM = MMG5EY7EYL;
				GENERATE_INFOPLIST_FILE = YES;
				IPHONEOS_DEPLOYMENT_TARGET = 15.5;
				MARKETING_VERSION = 1.0;
				PRODUCT_BUNDLE_IDENTIFIER = "com.alexseifert.Tests-iOS";
				PRODUCT_NAME = "$(TARGET_NAME)";
				SDKROOT = iphoneos;
				SWIFT_EMIT_LOC_STRINGS = NO;
				SWIFT_VERSION = 5.0;
				TARGETED_DEVICE_FAMILY = "1,2";
				TEST_TARGET_NAME = "Baxterblex (iOS)";
				VALIDATE_PRODUCT = YES;
			};
			name = Release;
		};
		93C526C6283B891800371B6A /* Debug */ = {
			isa = XCBuildConfiguration;
			buildSettings = {
				ALWAYS_EMBED_SWIFT_STANDARD_LIBRARIES = YES;
				CODE_SIGN_STYLE = Automatic;
				CURRENT_PROJECT_VERSION = 1;
				DEVELOPMENT_TEAM = MMG5EY7EYL;
				GENERATE_INFOPLIST_FILE = YES;
				MACOSX_DEPLOYMENT_TARGET = 12.3;
				MARKETING_VERSION = 1.0;
				PRODUCT_BUNDLE_IDENTIFIER = "com.alexseifert.Tests-macOS";
				PRODUCT_NAME = "$(TARGET_NAME)";
				SDKROOT = macosx;
				SWIFT_EMIT_LOC_STRINGS = NO;
				SWIFT_VERSION = 5.0;
				TEST_TARGET_NAME = "Baxterblex (macOS)";
			};
			name = Debug;
		};
		93C526C7283B891800371B6A /* Release */ = {
			isa = XCBuildConfiguration;
			buildSettings = {
				ALWAYS_EMBED_SWIFT_STANDARD_LIBRARIES = YES;
				CODE_SIGN_STYLE = Automatic;
				CURRENT_PROJECT_VERSION = 1;
				DEVELOPMENT_TEAM = MMG5EY7EYL;
				GENERATE_INFOPLIST_FILE = YES;
				MACOSX_DEPLOYMENT_TARGET = 12.3;
				MARKETING_VERSION = 1.0;
				PRODUCT_BUNDLE_IDENTIFIER = "com.alexseifert.Tests-macOS";
				PRODUCT_NAME = "$(TARGET_NAME)";
				SDKROOT = macosx;
				SWIFT_EMIT_LOC_STRINGS = NO;
				SWIFT_VERSION = 5.0;
				TEST_TARGET_NAME = "Baxterblex (macOS)";
			};
			name = Release;
		};
/* End XCBuildConfiguration section */

/* Begin XCConfigurationList section */
		93C52683283B891600371B6A /* Build configuration list for PBXProject "Baxterblex" */ = {
			isa = XCConfigurationList;
			buildConfigurations = (
				93C526BA283B891800371B6A /* Debug */,
				93C526BB283B891800371B6A /* Release */,
			);
			defaultConfigurationIsVisible = 0;
			defaultConfigurationName = Release;
		};
		93C526BC283B891800371B6A /* Build configuration list for PBXNativeTarget "Baxterblex (iOS)" */ = {
			isa = XCConfigurationList;
			buildConfigurations = (
				93C526BD283B891800371B6A /* Debug */,
				93C526BE283B891800371B6A /* Release */,
			);
			defaultConfigurationIsVisible = 0;
			defaultConfigurationName = Release;
		};
		93C526BF283B891800371B6A /* Build configuration list for PBXNativeTarget "Baxterblex (macOS)" */ = {
			isa = XCConfigurationList;
			buildConfigurations = (
				93C526C0283B891800371B6A /* Debug */,
				93C526C1283B891800371B6A /* Release */,
			);
			defaultConfigurationIsVisible = 0;
			defaultConfigurationName = Release;
		};
		93C526C2283B891800371B6A /* Build configuration list for PBXNativeTarget "Tests iOS" */ = {
			isa = XCConfigurationList;
			buildConfigurations = (
				93C526C3283B891800371B6A /* Debug */,
				93C526C4283B891800371B6A /* Release */,
			);
			defaultConfigurationIsVisible = 0;
			defaultConfigurationName = Release;
		};
		93C526C5283B891800371B6A /* Build configuration list for PBXNativeTarget "Tests macOS" */ = {
			isa = XCConfigurationList;
			buildConfigurations = (
				93C526C6283B891800371B6A /* Debug */,
				93C526C7283B891800371B6A /* Release */,
			);
			defaultConfigurationIsVisible = 0;
			defaultConfigurationName = Release;
		};
/* End XCConfigurationList section */

/* Begin XCVersionGroup section */
		93C52685283B891600371B6A /* Baxterblex.xcdatamodeld */ = {
			isa = XCVersionGroup;
			children = (
				93C52686283B891600371B6A /* Shared.xcdatamodel */,
			);
			currentVersion = 93C52686283B891600371B6A /* Shared.xcdatamodel */;
			path = Baxterblex.xcdatamodeld;
			sourceTree = "<group>";
			versionGroupType = wrapper.xcdatamodel;
		};
/* End XCVersionGroup section */
	};
	rootObject = 93C52680283B891600371B6A /* Project object */;
}
